// !$*UTF8*$!
{
	archiveVersion = 1;
	classes = {
	};
	objectVersion = 46;
	objects = {

/* Begin PBXBuildFile section */
		BDE5C79515D07FD100D1FD22 /* Foundation.framework in Frameworks */ = {isa = PBXBuildFile; fileRef = BDE5C79415D07FD100D1FD22 /* Foundation.framework */; };
		BDE5C79715D07FD100D1FD22 /* UIKit.framework in Frameworks */ = {isa = PBXBuildFile; fileRef = BDE5C79615D07FD100D1FD22 /* UIKit.framework */; };
		BDE5C79915D07FD100D1FD22 /* CoreGraphics.framework in Frameworks */ = {isa = PBXBuildFile; fileRef = BDE5C79815D07FD100D1FD22 /* CoreGraphics.framework */; };
		BDE5C79B15D07FD100D1FD22 /* AddressBook.framework in Frameworks */ = {isa = PBXBuildFile; fileRef = BDE5C79A15D07FD100D1FD22 /* AddressBook.framework */; };
		BDE5C79D15D07FD100D1FD22 /* AddressBookUI.framework in Frameworks */ = {isa = PBXBuildFile; fileRef = BDE5C79C15D07FD100D1FD22 /* AddressBookUI.framework */; };
		BDE5C79F15D07FD100D1FD22 /* AudioToolbox.framework in Frameworks */ = {isa = PBXBuildFile; fileRef = BDE5C79E15D07FD100D1FD22 /* AudioToolbox.framework */; };
		BDE5C7A115D07FD100D1FD22 /* AVFoundation.framework in Frameworks */ = {isa = PBXBuildFile; fileRef = BDE5C7A015D07FD100D1FD22 /* AVFoundation.framework */; };
		BDE5C7A315D07FD100D1FD22 /* CoreLocation.framework in Frameworks */ = {isa = PBXBuildFile; fileRef = BDE5C7A215D07FD100D1FD22 /* CoreLocation.framework */; };
		BDE5C7A515D07FD100D1FD22 /* MediaPlayer.framework in Frameworks */ = {isa = PBXBuildFile; fileRef = BDE5C7A415D07FD100D1FD22 /* MediaPlayer.framework */; };
		BDE5C7A715D07FD100D1FD22 /* QuartzCore.framework in Frameworks */ = {isa = PBXBuildFile; fileRef = BDE5C7A615D07FD100D1FD22 /* QuartzCore.framework */; };
		BDE5C7A915D07FD100D1FD22 /* SystemConfiguration.framework in Frameworks */ = {isa = PBXBuildFile; fileRef = BDE5C7A815D07FD100D1FD22 /* SystemConfiguration.framework */; };
		BDE5C7AB15D07FD100D1FD22 /* MobileCoreServices.framework in Frameworks */ = {isa = PBXBuildFile; fileRef = BDE5C7AA15D07FD100D1FD22 /* MobileCoreServices.framework */; };
		BDE5C7AD15D07FD100D1FD22 /* CoreMedia.framework in Frameworks */ = {isa = PBXBuildFile; fileRef = BDE5C7AC15D07FD100D1FD22 /* CoreMedia.framework */; };
		BDE5C7B315D07FD100D1FD22 /* InfoPlist.strings in Resources */ = {isa = PBXBuildFile; fileRef = BDE5C7B115D07FD100D1FD22 /* InfoPlist.strings */; };
		BDE5C7B515D07FD100D1FD22 /* main.m in Sources */ = {isa = PBXBuildFile; fileRef = BDE5C7B415D07FD100D1FD22 /* main.m */; };
		BDE5C7B815D07FD100D1FD22 /* Cordova.framework in Frameworks */ = {isa = PBXBuildFile; fileRef = BDE5C7B715D07FD100D1FD22 /* Cordova.framework */; };
		BDE5C7BD15D07FD100D1FD22 /* Localizable.strings in Resources */ = {isa = PBXBuildFile; fileRef = BDE5C7BB15D07FD100D1FD22 /* Localizable.strings */; };
		BDE5C7C115D07FD100D1FD22 /* Localizable.strings in Resources */ = {isa = PBXBuildFile; fileRef = BDE5C7BF15D07FD100D1FD22 /* Localizable.strings */; };
		BDE5C7C515D07FD100D1FD22 /* Localizable.strings in Resources */ = {isa = PBXBuildFile; fileRef = BDE5C7C315D07FD100D1FD22 /* Localizable.strings */; };
		BDE5C7C915D07FD100D1FD22 /* Localizable.strings in Resources */ = {isa = PBXBuildFile; fileRef = BDE5C7C715D07FD100D1FD22 /* Localizable.strings */; };
		BDE5C7CC15D07FD100D1FD22 /* icon.png in Resources */ = {isa = PBXBuildFile; fileRef = BDE5C7CB15D07FD100D1FD22 /* icon.png */; };
		BDE5C7CE15D07FD100D1FD22 /* icon@2x.png in Resources */ = {isa = PBXBuildFile; fileRef = BDE5C7CD15D07FD100D1FD22 /* icon@2x.png */; };
		BDE5C7D015D07FD100D1FD22 /* icon-72.png in Resources */ = {isa = PBXBuildFile; fileRef = BDE5C7CF15D07FD100D1FD22 /* icon-72.png */; };
		BDE5C7D315D07FD100D1FD22 /* Default.png in Resources */ = {isa = PBXBuildFile; fileRef = BDE5C7D215D07FD100D1FD22 /* Default.png */; };
		BDE5C7D515D07FD100D1FD22 /* Default@2x.png in Resources */ = {isa = PBXBuildFile; fileRef = BDE5C7D415D07FD100D1FD22 /* Default@2x.png */; };
		BDE5C7D715D07FD100D1FD22 /* Capture.bundle in Resources */ = {isa = PBXBuildFile; fileRef = BDE5C7D615D07FD100D1FD22 /* Capture.bundle */; };
		BDE5C7D915D07FD100D1FD22 /* Cordova.plist in Resources */ = {isa = PBXBuildFile; fileRef = BDE5C7D815D07FD100D1FD22 /* Cordova.plist */; };
		BDE5C7DD15D07FD100D1FD22 /* AppDelegate.m in Sources */ = {isa = PBXBuildFile; fileRef = BDE5C7DC15D07FD100D1FD22 /* AppDelegate.m */; };
		BDE5C7E015D07FD100D1FD22 /* MainViewController.m in Sources */ = {isa = PBXBuildFile; fileRef = BDE5C7DF15D07FD100D1FD22 /* MainViewController.m */; };
		BDE5C7E215D07FD100D1FD22 /* MainViewController.xib in Resources */ = {isa = PBXBuildFile; fileRef = BDE5C7E115D07FD100D1FD22 /* MainViewController.xib */; };
		BDE5C7E615D07FD100D1FD22 /* verify.sh in Resources */ = {isa = PBXBuildFile; fileRef = BDE5C7E515D07FD100D1FD22 /* verify.sh */; };
		BDE5C7ED15D080B800D1FD22 /* www in Resources */ = {isa = PBXBuildFile; fileRef = BDE5C7EC15D080B800D1FD22 /* www */; };
/* End PBXBuildFile section */

/* Begin PBXFileReference section */
		BDE5C79015D07FD100D1FD22 /* dNORAM.app */ = {isa = PBXFileReference; explicitFileType = wrapper.application; includeInIndex = 0; path = dNORAM.app; sourceTree = BUILT_PRODUCTS_DIR; };
		BDE5C79415D07FD100D1FD22 /* Foundation.framework */ = {isa = PBXFileReference; lastKnownFileType = wrapper.framework; name = Foundation.framework; path = System/Library/Frameworks/Foundation.framework; sourceTree = SDKROOT; };
		BDE5C79615D07FD100D1FD22 /* UIKit.framework */ = {isa = PBXFileReference; lastKnownFileType = wrapper.framework; name = UIKit.framework; path = System/Library/Frameworks/UIKit.framework; sourceTree = SDKROOT; };
		BDE5C79815D07FD100D1FD22 /* CoreGraphics.framework */ = {isa = PBXFileReference; lastKnownFileType = wrapper.framework; name = CoreGraphics.framework; path = System/Library/Frameworks/CoreGraphics.framework; sourceTree = SDKROOT; };
		BDE5C79A15D07FD100D1FD22 /* AddressBook.framework */ = {isa = PBXFileReference; lastKnownFileType = wrapper.framework; name = AddressBook.framework; path = System/Library/Frameworks/AddressBook.framework; sourceTree = SDKROOT; };
		BDE5C79C15D07FD100D1FD22 /* AddressBookUI.framework */ = {isa = PBXFileReference; lastKnownFileType = wrapper.framework; name = AddressBookUI.framework; path = System/Library/Frameworks/AddressBookUI.framework; sourceTree = SDKROOT; };
		BDE5C79E15D07FD100D1FD22 /* AudioToolbox.framework */ = {isa = PBXFileReference; lastKnownFileType = wrapper.framework; name = AudioToolbox.framework; path = System/Library/Frameworks/AudioToolbox.framework; sourceTree = SDKROOT; };
		BDE5C7A015D07FD100D1FD22 /* AVFoundation.framework */ = {isa = PBXFileReference; lastKnownFileType = wrapper.framework; name = AVFoundation.framework; path = System/Library/Frameworks/AVFoundation.framework; sourceTree = SDKROOT; };
		BDE5C7A215D07FD100D1FD22 /* CoreLocation.framework */ = {isa = PBXFileReference; lastKnownFileType = wrapper.framework; name = CoreLocation.framework; path = System/Library/Frameworks/CoreLocation.framework; sourceTree = SDKROOT; };
		BDE5C7A415D07FD100D1FD22 /* MediaPlayer.framework */ = {isa = PBXFileReference; lastKnownFileType = wrapper.framework; name = MediaPlayer.framework; path = System/Library/Frameworks/MediaPlayer.framework; sourceTree = SDKROOT; };
		BDE5C7A615D07FD100D1FD22 /* QuartzCore.framework */ = {isa = PBXFileReference; lastKnownFileType = wrapper.framework; name = QuartzCore.framework; path = System/Library/Frameworks/QuartzCore.framework; sourceTree = SDKROOT; };
		BDE5C7A815D07FD100D1FD22 /* SystemConfiguration.framework */ = {isa = PBXFileReference; lastKnownFileType = wrapper.framework; name = SystemConfiguration.framework; path = System/Library/Frameworks/SystemConfiguration.framework; sourceTree = SDKROOT; };
		BDE5C7AA15D07FD100D1FD22 /* MobileCoreServices.framework */ = {isa = PBXFileReference; lastKnownFileType = wrapper.framework; name = MobileCoreServices.framework; path = System/Library/Frameworks/MobileCoreServices.framework; sourceTree = SDKROOT; };
		BDE5C7AC15D07FD100D1FD22 /* CoreMedia.framework */ = {isa = PBXFileReference; lastKnownFileType = wrapper.framework; name = CoreMedia.framework; path = System/Library/Frameworks/CoreMedia.framework; sourceTree = SDKROOT; };
		BDE5C7B015D07FD100D1FD22 /* dNORAM-Info.plist */ = {isa = PBXFileReference; lastKnownFileType = text.plist.xml; path = "dNORAM-Info.plist"; sourceTree = "<group>"; };
		BDE5C7B215D07FD100D1FD22 /* en */ = {isa = PBXFileReference; lastKnownFileType = text.plist.strings; name = en; path = en.lproj/InfoPlist.strings; sourceTree = "<group>"; };
		BDE5C7B415D07FD100D1FD22 /* main.m */ = {isa = PBXFileReference; lastKnownFileType = sourcecode.c.objc; path = main.m; sourceTree = "<group>"; };
		BDE5C7B615D07FD100D1FD22 /* dNORAM-Prefix.pch */ = {isa = PBXFileReference; lastKnownFileType = sourcecode.c.h; path = "dNORAM-Prefix.pch"; sourceTree = "<group>"; };
		BDE5C7B715D07FD100D1FD22 /* Cordova.framework */ = {isa = PBXFileReference; lastKnownFileType = wrapper.framework; name = Cordova.framework; path = /Users/Shared/Cordova/Frameworks/Cordova.framework; sourceTree = "<absolute>"; };
		BDE5C7BC15D07FD100D1FD22 /* en */ = {isa = PBXFileReference; lastKnownFileType = text.plist.strings; name = en; path = Resources/en.lproj/Localizable.strings; sourceTree = "<group>"; };
		BDE5C7C015D07FD100D1FD22 /* es */ = {isa = PBXFileReference; lastKnownFileType = text.plist.strings; name = es; path = Resources/es.lproj/Localizable.strings; sourceTree = "<group>"; };
		BDE5C7C415D07FD100D1FD22 /* de */ = {isa = PBXFileReference; lastKnownFileType = text.plist.strings; name = de; path = Resources/de.lproj/Localizable.strings; sourceTree = "<group>"; };
		BDE5C7C815D07FD100D1FD22 /* se */ = {isa = PBXFileReference; lastKnownFileType = text.plist.strings; name = se; path = Resources/se.lproj/Localizable.strings; sourceTree = "<group>"; };
		BDE5C7CB15D07FD100D1FD22 /* icon.png */ = {isa = PBXFileReference; lastKnownFileType = image.png; name = icon.png; path = Resources/icons/icon.png; sourceTree = "<group>"; };
		BDE5C7CD15D07FD100D1FD22 /* icon@2x.png */ = {isa = PBXFileReference; lastKnownFileType = image.png; name = "icon@2x.png"; path = "Resources/icons/icon@2x.png"; sourceTree = "<group>"; };
		BDE5C7CF15D07FD100D1FD22 /* icon-72.png */ = {isa = PBXFileReference; lastKnownFileType = image.png; name = "icon-72.png"; path = "Resources/icons/icon-72.png"; sourceTree = "<group>"; };
		BDE5C7D215D07FD100D1FD22 /* Default.png */ = {isa = PBXFileReference; lastKnownFileType = image.png; name = Default.png; path = Resources/splash/Default.png; sourceTree = "<group>"; };
		BDE5C7D415D07FD100D1FD22 /* Default@2x.png */ = {isa = PBXFileReference; lastKnownFileType = image.png; name = "Default@2x.png"; path = "Resources/splash/Default@2x.png"; sourceTree = "<group>"; };
		BDE5C7D615D07FD100D1FD22 /* Capture.bundle */ = {isa = PBXFileReference; lastKnownFileType = "wrapper.plug-in"; name = Capture.bundle; path = Resources/Capture.bundle; sourceTree = "<group>"; };
		BDE5C7D815D07FD100D1FD22 /* Cordova.plist */ = {isa = PBXFileReference; lastKnownFileType = text.plist.xml; path = Cordova.plist; sourceTree = "<group>"; };
		BDE5C7DB15D07FD100D1FD22 /* AppDelegate.h */ = {isa = PBXFileReference; lastKnownFileType = sourcecode.c.h; name = AppDelegate.h; path = Classes/AppDelegate.h; sourceTree = "<group>"; };
		BDE5C7DC15D07FD100D1FD22 /* AppDelegate.m */ = {isa = PBXFileReference; lastKnownFileType = sourcecode.c.objc; name = AppDelegate.m; path = Classes/AppDelegate.m; sourceTree = "<group>"; };
		BDE5C7DE15D07FD100D1FD22 /* MainViewController.h */ = {isa = PBXFileReference; lastKnownFileType = sourcecode.c.h; name = MainViewController.h; path = Classes/MainViewController.h; sourceTree = "<group>"; };
		BDE5C7DF15D07FD100D1FD22 /* MainViewController.m */ = {isa = PBXFileReference; lastKnownFileType = sourcecode.c.objc; name = MainViewController.m; path = Classes/MainViewController.m; sourceTree = "<group>"; };
		BDE5C7E115D07FD100D1FD22 /* MainViewController.xib */ = {isa = PBXFileReference; lastKnownFileType = file.xib; name = MainViewController.xib; path = Classes/MainViewController.xib; sourceTree = "<group>"; };
		BDE5C7E415D07FD100D1FD22 /* README */ = {isa = PBXFileReference; lastKnownFileType = text; name = README; path = Plugins/README; sourceTree = "<group>"; };
		BDE5C7E515D07FD100D1FD22 /* verify.sh */ = {isa = PBXFileReference; lastKnownFileType = text.script.sh; path = verify.sh; sourceTree = "<group>"; };
		BDE5C7EC15D080B800D1FD22 /* www */ = {isa = PBXFileReference; lastKnownFileType = folder; path = www; sourceTree = "<group>"; };
/* End PBXFileReference section */

/* Begin PBXFrameworksBuildPhase section */
		BDE5C78A15D07FD100D1FD22 /* Frameworks */ = {
			isa = PBXFrameworksBuildPhase;
			buildActionMask = 2147483647;
			files = (
				BDE5C79515D07FD100D1FD22 /* Foundation.framework in Frameworks */,
				BDE5C79715D07FD100D1FD22 /* UIKit.framework in Frameworks */,
				BDE5C79915D07FD100D1FD22 /* CoreGraphics.framework in Frameworks */,
				BDE5C79B15D07FD100D1FD22 /* AddressBook.framework in Frameworks */,
				BDE5C79D15D07FD100D1FD22 /* AddressBookUI.framework in Frameworks */,
				BDE5C79F15D07FD100D1FD22 /* AudioToolbox.framework in Frameworks */,
				BDE5C7A115D07FD100D1FD22 /* AVFoundation.framework in Frameworks */,
				BDE5C7A315D07FD100D1FD22 /* CoreLocation.framework in Frameworks */,
				BDE5C7A515D07FD100D1FD22 /* MediaPlayer.framework in Frameworks */,
				BDE5C7A715D07FD100D1FD22 /* QuartzCore.framework in Frameworks */,
				BDE5C7A915D07FD100D1FD22 /* SystemConfiguration.framework in Frameworks */,
				BDE5C7AB15D07FD100D1FD22 /* MobileCoreServices.framework in Frameworks */,
				BDE5C7AD15D07FD100D1FD22 /* CoreMedia.framework in Frameworks */,
				BDE5C7B815D07FD100D1FD22 /* Cordova.framework in Frameworks */,
			);
			runOnlyForDeploymentPostprocessing = 0;
		};
		BDE5C78D15D07FD100D1FD22 /* Frameworks */ = {
			isa = PBXFrameworksBuildPhase;
			buildActionMask = 2147483647;
			files = (
			);
			runOnlyForDeploymentPostprocessing = 0;
		};
/* End PBXFrameworksBuildPhase section */

/* Begin PBXGroup section */
		BDE5C78215D07FD000D1FD22 = {
			isa = PBXGroup;
			children = (
				BDE5C7EC15D080B800D1FD22 /* www */,
				BDE5C7AE15D07FD100D1FD22 /* dNORAM */,
				BDE5C79315D07FD100D1FD22 /* Frameworks */,
				BDE5C79115D07FD100D1FD22 /* Products */,
			);
			sourceTree = "<group>";
		};
		BDE5C79115D07FD100D1FD22 /* Products */ = {
			isa = PBXGroup;
			children = (
				BDE5C79015D07FD100D1FD22 /* dNORAM.app */,
			);
			name = Products;
			sourceTree = "<group>";
		};
		BDE5C79315D07FD100D1FD22 /* Frameworks */ = {
			isa = PBXGroup;
			children = (
				BDE5C79415D07FD100D1FD22 /* Foundation.framework */,
				BDE5C79615D07FD100D1FD22 /* UIKit.framework */,
				BDE5C79815D07FD100D1FD22 /* CoreGraphics.framework */,
				BDE5C79A15D07FD100D1FD22 /* AddressBook.framework */,
				BDE5C79C15D07FD100D1FD22 /* AddressBookUI.framework */,
				BDE5C79E15D07FD100D1FD22 /* AudioToolbox.framework */,
				BDE5C7A015D07FD100D1FD22 /* AVFoundation.framework */,
				BDE5C7A215D07FD100D1FD22 /* CoreLocation.framework */,
				BDE5C7A415D07FD100D1FD22 /* MediaPlayer.framework */,
				BDE5C7A615D07FD100D1FD22 /* QuartzCore.framework */,
				BDE5C7A815D07FD100D1FD22 /* SystemConfiguration.framework */,
				BDE5C7AA15D07FD100D1FD22 /* MobileCoreServices.framework */,
				BDE5C7AC15D07FD100D1FD22 /* CoreMedia.framework */,
			);
			name = Frameworks;
			sourceTree = "<group>";
		};
		BDE5C7AE15D07FD100D1FD22 /* dNORAM */ = {
			isa = PBXGroup;
			children = (
				BDE5C7B715D07FD100D1FD22 /* Cordova.framework */,
				BDE5C7B915D07FD100D1FD22 /* Resources */,
				BDE5C7DA15D07FD100D1FD22 /* Classes */,
				BDE5C7E315D07FD100D1FD22 /* Plugins */,
				BDE5C7AF15D07FD100D1FD22 /* Supporting Files */,
			);
			path = dNORAM;
			sourceTree = "<group>";
		};
		BDE5C7AF15D07FD100D1FD22 /* Supporting Files */ = {
			isa = PBXGroup;
			children = (
				BDE5C7B015D07FD100D1FD22 /* dNORAM-Info.plist */,
				BDE5C7B115D07FD100D1FD22 /* InfoPlist.strings */,
				BDE5C7B415D07FD100D1FD22 /* main.m */,
				BDE5C7B615D07FD100D1FD22 /* dNORAM-Prefix.pch */,
				BDE5C7D815D07FD100D1FD22 /* Cordova.plist */,
				BDE5C7E115D07FD100D1FD22 /* MainViewController.xib */,
				BDE5C7E515D07FD100D1FD22 /* verify.sh */,
			);
			name = "Supporting Files";
			sourceTree = "<group>";
		};
		BDE5C7B915D07FD100D1FD22 /* Resources */ = {
			isa = PBXGroup;
			children = (
				BDE5C7D615D07FD100D1FD22 /* Capture.bundle */,
				BDE5C7BA15D07FD100D1FD22 /* en.lproj */,
				BDE5C7BE15D07FD100D1FD22 /* es.lproj */,
				BDE5C7C215D07FD100D1FD22 /* de.lproj */,
				BDE5C7C615D07FD100D1FD22 /* se.lproj */,
				BDE5C7CA15D07FD100D1FD22 /* icons */,
				BDE5C7D115D07FD100D1FD22 /* splash */,
			);
			name = Resources;
			sourceTree = "<group>";
		};
		BDE5C7BA15D07FD100D1FD22 /* en.lproj */ = {
			isa = PBXGroup;
			children = (
				BDE5C7BB15D07FD100D1FD22 /* Localizable.strings */,
			);
			name = en.lproj;
			sourceTree = "<group>";
		};
		BDE5C7BE15D07FD100D1FD22 /* es.lproj */ = {
			isa = PBXGroup;
			children = (
				BDE5C7BF15D07FD100D1FD22 /* Localizable.strings */,
			);
			name = es.lproj;
			sourceTree = "<group>";
		};
		BDE5C7C215D07FD100D1FD22 /* de.lproj */ = {
			isa = PBXGroup;
			children = (
				BDE5C7C315D07FD100D1FD22 /* Localizable.strings */,
			);
			name = de.lproj;
			sourceTree = "<group>";
		};
		BDE5C7C615D07FD100D1FD22 /* se.lproj */ = {
			isa = PBXGroup;
			children = (
				BDE5C7C715D07FD100D1FD22 /* Localizable.strings */,
			);
			name = se.lproj;
			sourceTree = "<group>";
		};
		BDE5C7CA15D07FD100D1FD22 /* icons */ = {
			isa = PBXGroup;
			children = (
				BDE5C7CB15D07FD100D1FD22 /* icon.png */,
				BDE5C7CD15D07FD100D1FD22 /* icon@2x.png */,
				BDE5C7CF15D07FD100D1FD22 /* icon-72.png */,
			);
			name = icons;
			sourceTree = "<group>";
		};
		BDE5C7D115D07FD100D1FD22 /* splash */ = {
			isa = PBXGroup;
			children = (
				BDE5C7D215D07FD100D1FD22 /* Default.png */,
				BDE5C7D415D07FD100D1FD22 /* Default@2x.png */,
			);
			name = splash;
			sourceTree = "<group>";
		};
		BDE5C7DA15D07FD100D1FD22 /* Classes */ = {
			isa = PBXGroup;
			children = (
				BDE5C7DB15D07FD100D1FD22 /* AppDelegate.h */,
				BDE5C7DC15D07FD100D1FD22 /* AppDelegate.m */,
				BDE5C7DE15D07FD100D1FD22 /* MainViewController.h */,
				BDE5C7DF15D07FD100D1FD22 /* MainViewController.m */,
			);
			name = Classes;
			sourceTree = "<group>";
		};
		BDE5C7E315D07FD100D1FD22 /* Plugins */ = {
			isa = PBXGroup;
			children = (
				BDE5C7E415D07FD100D1FD22 /* README */,
			);
			name = Plugins;
			sourceTree = "<group>";
		};
/* End PBXGroup section */

/* Begin PBXNativeTarget section */
		BDE5C78F15D07FD100D1FD22 /* dNORAM */ = {
			isa = PBXNativeTarget;
			buildConfigurationList = BDE5C7E915D07FD100D1FD22 /* Build configuration list for PBXNativeTarget "dNORAM" */;
			buildPhases = (
				BDE5C78915D07FD100D1FD22 /* Sources */,
				BDE5C78A15D07FD100D1FD22 /* Frameworks */,
				BDE5C78B15D07FD100D1FD22 /* Resources */,
				BDE5C78C15D07FD100D1FD22 /* Sources */,
				BDE5C78D15D07FD100D1FD22 /* Frameworks */,
				BDE5C78E15D07FD100D1FD22 /* ShellScript */,
			);
			buildRules = (
			);
			dependencies = (
			);
			name = dNORAM;
			productName = dNORAM;
			productReference = BDE5C79015D07FD100D1FD22 /* dNORAM.app */;
			productType = "com.apple.product-type.application";
		};
/* End PBXNativeTarget section */

/* Begin PBXProject section */
		BDE5C78415D07FD000D1FD22 /* Project object */ = {
			isa = PBXProject;
			attributes = {
				LastUpgradeCheck = 0440;
			};
			buildConfigurationList = BDE5C78715D07FD000D1FD22 /* Build configuration list for PBXProject "dNORAM" */;
			compatibilityVersion = "Xcode 3.2";
			developmentRegion = English;
			hasScannedForEncodings = 0;
			knownRegions = (
				en,
				es,
				de,
				se,
			);
			mainGroup = BDE5C78215D07FD000D1FD22;
			productRefGroup = BDE5C79115D07FD100D1FD22 /* Products */;
			projectDirPath = "";
			projectRoot = "";
			targets = (
				BDE5C78F15D07FD100D1FD22 /* dNORAM */,
			);
		};
/* End PBXProject section */

/* Begin PBXResourcesBuildPhase section */
		BDE5C78B15D07FD100D1FD22 /* Resources */ = {
			isa = PBXResourcesBuildPhase;
			buildActionMask = 2147483647;
			files = (
				BDE5C7B315D07FD100D1FD22 /* InfoPlist.strings in Resources */,
				BDE5C7BD15D07FD100D1FD22 /* Localizable.strings in Resources */,
				BDE5C7C115D07FD100D1FD22 /* Localizable.strings in Resources */,
				BDE5C7C515D07FD100D1FD22 /* Localizable.strings in Resources */,
				BDE5C7C915D07FD100D1FD22 /* Localizable.strings in Resources */,
				BDE5C7CC15D07FD100D1FD22 /* icon.png in Resources */,
				BDE5C7CE15D07FD100D1FD22 /* icon@2x.png in Resources */,
				BDE5C7D015D07FD100D1FD22 /* icon-72.png in Resources */,
				BDE5C7D315D07FD100D1FD22 /* Default.png in Resources */,
				BDE5C7D515D07FD100D1FD22 /* Default@2x.png in Resources */,
				BDE5C7D715D07FD100D1FD22 /* Capture.bundle in Resources */,
				BDE5C7D915D07FD100D1FD22 /* Cordova.plist in Resources */,
				BDE5C7E215D07FD100D1FD22 /* MainViewController.xib in Resources */,
				BDE5C7E615D07FD100D1FD22 /* verify.sh in Resources */,
				BDE5C7ED15D080B800D1FD22 /* www in Resources */,
			);
			runOnlyForDeploymentPostprocessing = 0;
		};
/* End PBXResourcesBuildPhase section */

/* Begin PBXShellScriptBuildPhase section */
		BDE5C78E15D07FD100D1FD22 /* ShellScript */ = {
			isa = PBXShellScriptBuildPhase;
			buildActionMask = 2147483647;
			files = (
			);
			inputPaths = (
			);
			outputPaths = (
			);
			runOnlyForDeploymentPostprocessing = 0;
			shellPath = /bin/bash;
			shellScript = "\n\t\t\t\t\t\t\t\tchmod 755 \"$PROJECT_DIR/$PROJECT_NAME/verify.sh\"\n\t\t\t\t\t\t\t\t\"$PROJECT_DIR/$PROJECT_NAME/verify.sh\"\n\t\t\t\t\t";
		};
/* End PBXShellScriptBuildPhase section */

/* Begin PBXSourcesBuildPhase section */
		BDE5C78915D07FD100D1FD22 /* Sources */ = {
			isa = PBXSourcesBuildPhase;
			buildActionMask = 2147483647;
			files = (
				BDE5C7B515D07FD100D1FD22 /* main.m in Sources */,
				BDE5C7DD15D07FD100D1FD22 /* AppDelegate.m in Sources */,
				BDE5C7E015D07FD100D1FD22 /* MainViewController.m in Sources */,
			);
			runOnlyForDeploymentPostprocessing = 0;
		};
		BDE5C78C15D07FD100D1FD22 /* Sources */ = {
			isa = PBXSourcesBuildPhase;
			buildActionMask = 2147483647;
			files = (
			);
			runOnlyForDeploymentPostprocessing = 0;
		};
/* End PBXSourcesBuildPhase section */

/* Begin PBXVariantGroup section */
		BDE5C7B115D07FD100D1FD22 /* InfoPlist.strings */ = {
			isa = PBXVariantGroup;
			children = (
				BDE5C7B215D07FD100D1FD22 /* en */,
			);
			name = InfoPlist.strings;
			sourceTree = "<group>";
		};
		BDE5C7BB15D07FD100D1FD22 /* Localizable.strings */ = {
			isa = PBXVariantGroup;
			children = (
				BDE5C7BC15D07FD100D1FD22 /* en */,
			);
			name = Localizable.strings;
			sourceTree = "<group>";
		};
		BDE5C7BF15D07FD100D1FD22 /* Localizable.strings */ = {
			isa = PBXVariantGroup;
			children = (
				BDE5C7C015D07FD100D1FD22 /* es */,
			);
			name = Localizable.strings;
			sourceTree = "<group>";
		};
		BDE5C7C315D07FD100D1FD22 /* Localizable.strings */ = {
			isa = PBXVariantGroup;
			children = (
				BDE5C7C415D07FD100D1FD22 /* de */,
			);
			name = Localizable.strings;
			sourceTree = "<group>";
		};
		BDE5C7C715D07FD100D1FD22 /* Localizable.strings */ = {
			isa = PBXVariantGroup;
			children = (
				BDE5C7C815D07FD100D1FD22 /* se */,
			);
			name = Localizable.strings;
			sourceTree = "<group>";
		};
/* End PBXVariantGroup section */

/* Begin XCBuildConfiguration section */
		BDE5C7E715D07FD100D1FD22 /* Debug */ = {
			isa = XCBuildConfiguration;
			buildSettings = {
				ALWAYS_SEARCH_USER_PATHS = NO;
				ARCHS = "$(ARCHS_STANDARD_32_BIT)";
				"CODE_SIGN_IDENTITY[sdk=iphoneos*]" = "iPhone Developer";
				COPY_PHASE_STRIP = NO;
				GCC_C_LANGUAGE_STANDARD = gnu99;
				GCC_DYNAMIC_NO_PIC = NO;
				GCC_OPTIMIZATION_LEVEL = 0;
				GCC_PREPROCESSOR_DEFINITIONS = (
					"DEBUG=1",
					"$(inherited)",
				);
				GCC_SYMBOLS_PRIVATE_EXTERN = NO;
				GCC_THUMB_SUPPORT = NO;
				GCC_VERSION = com.apple.compilers.llvm.clang.1_0;
				GCC_WARN_ABOUT_RETURN_TYPE = YES;
				GCC_WARN_UNINITIALIZED_AUTOS = YES;
				GCC_WARN_UNUSED_VARIABLE = YES;
				IPHONEOS_DEPLOYMENT_TARGET = 3.0;
				SDKROOT = iphoneos;
			};
			name = Debug;
		};
		BDE5C7E815D07FD100D1FD22 /* Release */ = {
			isa = XCBuildConfiguration;
			buildSettings = {
				ALWAYS_SEARCH_USER_PATHS = NO;
				ARCHS = "$(ARCHS_STANDARD_32_BIT)";
				"CODE_SIGN_IDENTITY[sdk=iphoneos*]" = "iPhone Distribution: Softrism Inc";
				COPY_PHASE_STRIP = YES;
				GCC_C_LANGUAGE_STANDARD = gnu99;
				GCC_THUMB_SUPPORT = NO;
				GCC_VERSION = com.apple.compilers.llvm.clang.1_0;
				GCC_WARN_ABOUT_RETURN_TYPE = YES;
				GCC_WARN_UNINITIALIZED_AUTOS = YES;
				GCC_WARN_UNUSED_VARIABLE = YES;
				IPHONEOS_DEPLOYMENT_TARGET = 3.0;
				"PROVISIONING_PROFILE[sdk=iphoneos*]" = "88CB1D6B-8166-46EA-9AB4-DAB5313348F5";
				SDKROOT = iphoneos;
				VALIDATE_PRODUCT = YES;
			};
			name = Release;
		};
		BDE5C7EA15D07FD100D1FD22 /* Debug */ = {
			isa = XCBuildConfiguration;
			buildSettings = {
				ALWAYS_SEARCH_USER_PATHS = YES;
				ARCHS = "$(ARCHS_STANDARD_32_BIT)";
				CODE_SIGN_IDENTITY = "iPhone Developer: Sudhir Dharmadhikari (3Q79QSCHHE)";
				"CODE_SIGN_IDENTITY[sdk=iphoneos*]" = "iPhone Developer: Sudhir Dharmadhikari (3Q79QSCHHE)";
				COPY_PHASE_STRIP = NO;
				FRAMEWORK_SEARCH_PATHS = /Users/Shared/Cordova/Frameworks;
				GCC_DYNAMIC_NO_PIC = NO;
				GCC_PRECOMPILE_PREFIX_HEADER = YES;
				GCC_PREFIX_HEADER = "dNORAM/dNORAM-Prefix.pch";
				GCC_PREPROCESSOR_DEFINITIONS = (
					"DEBUG=1,",
					"CORDOVA_FRAMEWORK=1",
				);
				GCC_THUMB_SUPPORT = NO;
				INFOPLIST_FILE = "dNORAM/dNORAM-Info.plist";
				IPHONEOS_DEPLOYMENT_TARGET = 4.3;
				ONLY_ACTIVE_ARCH = YES;
				OTHER_LDFLAGS = (
					"-weak_framework",
					UIKit,
					"-weak_framework",
					AVFoundation,
					"-weak_framework",
					CoreMedia,
					"-weak_library",
					/usr/lib/libSystem.B.dylib,
				);
				PRODUCT_NAME = "$(TARGET_NAME)";
				PROVISIONING_PROFILE = "319ED6B4-4360-47FA-B5C6-D3EFCD9CD654";
				"PROVISIONING_PROFILE[sdk=iphoneos*]" = "319ED6B4-4360-47FA-B5C6-D3EFCD9CD654";
				SDKROOT = iphoneos;
				TARGETED_DEVICE_FAMILY = 1;
				WRAPPER_EXTENSION = app;
			};
			name = Debug;
		};
		BDE5C7EB15D07FD100D1FD22 /* Release */ = {
			isa = XCBuildConfiguration;
			buildSettings = {
				ALWAYS_SEARCH_USER_PATHS = YES;
				ARCHS = "$(ARCHS_STANDARD_32_BIT)";
				CODE_SIGN_IDENTITY = "iPhone Distribution: Softrism Inc";
				"CODE_SIGN_IDENTITY[sdk=iphoneos*]" = "iPhone Distribution: Softrism Inc";
				COPY_PHASE_STRIP = YES;
				DEBUG_INFORMATION_FORMAT = "dwarf-with-dsym";
				FRAMEWORK_SEARCH_PATHS = /Users/Shared/Cordova/Frameworks;
				GCC_PRECOMPILE_PREFIX_HEADER = YES;
				GCC_PREFIX_HEADER = "dNORAM/dNORAM-Prefix.pch";
				GCC_PREPROCESSOR_DEFINITIONS = (
					"NDEBUG=1,",
					"CORDOVA_FRAMEWORK=1",
				);
				GCC_THUMB_SUPPORT = NO;
				INFOPLIST_FILE = "dNORAM/dNORAM-Info.plist";
				IPHONEOS_DEPLOYMENT_TARGET = 4.3;
				ONLY_ACTIVE_ARCH = YES;
				OTHER_LDFLAGS = (
					"-weak_framework",
					UIKit,
					"-weak_framework",
					AVFoundation,
					"-weak_framework",
					CoreMedia,
					"-weak_library",
					/usr/lib/libSystem.B.dylib,
				);
				PRODUCT_NAME = "$(TARGET_NAME)";
				PROVISIONING_PROFILE = "88CB1D6B-8166-46EA-9AB4-DAB5313348F5";
				"PROVISIONING_PROFILE[sdk=iphoneos*]" = "88CB1D6B-8166-46EA-9AB4-DAB5313348F5";
				SDKROOT = iphoneos;
				TARGETED_DEVICE_FAMILY = 1;
				VALIDATE_PRODUCT = YES;
				WRAPPER_EXTENSION = app;
			};
			name = Release;
		};
/* End XCBuildConfiguration section */

/* Begin XCConfigurationList section */
		BDE5C78715D07FD000D1FD22 /* Build configuration list for PBXProject "dNORAM" */ = {
			isa = XCConfigurationList;
			buildConfigurations = (
				BDE5C7E715D07FD100D1FD22 /* Debug */,
				BDE5C7E815D07FD100D1FD22 /* Release */,
			);
			defaultConfigurationIsVisible = 0;
			defaultConfigurationName = Release;
		};
		BDE5C7E915D07FD100D1FD22 /* Build configuration list for PBXNativeTarget "dNORAM" */ = {
			isa = XCConfigurationList;
			buildConfigurations = (
				BDE5C7EA15D07FD100D1FD22 /* Debug */,
				BDE5C7EB15D07FD100D1FD22 /* Release */,
			);
			defaultConfigurationIsVisible = 0;
			defaultConfigurationName = Release;
		};
/* End XCConfigurationList section */
	};
	rootObject = BDE5C78415D07FD000D1FD22 /* Project object */;
}
